
Microsoft Visual Studio Solution File, Format Version 12.00
# Visual Studio Version 17
VisualStudioVersion = 17.7.34024.191
MinimumVisualStudioVersion = 10.0.40219.1
Project("{8BC9CEB8-8B4A-11D0-8D11-00A0C91BC942}") = "HW1_assignment", "HW1_assignment.vcxproj", "{D693773A-64B0-47DB-ABD6-81F821739912}"
EndProject
Global
	GlobalSection(SolutionConfigurationPlatforms) = preSolution
		Debug|x64 = Debug|x64
		Debug|x86 = Debug|x86
		Release|x64 = Release|x64
		Release|x86 = Release|x86
	EndGlobalSection
	GlobalSection(ProjectConfigurationPlatforms) = postSolution
		{D693773A-64B0-47DB-ABD6-81F821739912}.Debug|x64.ActiveCfg = Debug|x64
		{D693773A-64B0-47DB-ABD6-81F821739912}.Debug|x64.Build.0 = Debug|x64
		{D693773A-64B0-47DB-ABD6-81F821739912}.Debug|x86.ActiveCfg = Debug|Win32
		{D693773A-64B0-47DB-ABD6-81F821739912}.Debug|x86.Build.0 = Debug|Win32
		{D693773A-64B0-47DB-ABD6-81F821739912}.Release|x64.ActiveCfg = Release|x64
		{D693773A-64B0-47DB-ABD6-81F821739912}.Release|x64.Build.0 = Release|x64
		{D693773A-64B0-47DB-ABD6-81F821739912}.Release|x86.ActiveCfg = Release|Win32
		{D693773A-64B0-47DB-ABD6-81F821739912}.Release|x86.Build.0 = Release|Win32
	EndGlobalSection
	GlobalSection(SolutionProperties) = preSolution
		HideSolutionNode = FALSE
	EndGlobalSection
	GlobalSection(ExtensibilityGlobals) = postSolution
		SolutionGuid = {A6481553-264D-4854-8B89-E3DEE27208C6}
	EndGlobalSection
EndGlobal
