
Microsoft Visual Studio Solution File, Format Version 12.00
# Visual Studio Version 17
VisualStudioVersion = 17.7.34024.191
MinimumVisualStudioVersion = 10.0.40219.1
Project("{8BC9CEB8-8B4A-11D0-8D11-00A0C91BC942}") = "1107_prim_assignment", "1107_prim_assignment.vcxproj", "{FDC8FB88-4023-4BDE-BFA1-0029F4E90821}"
EndProject
Global
	GlobalSection(SolutionConfigurationPlatforms) = preSolution
		Debug|x64 = Debug|x64
		Debug|x86 = Debug|x86
		Release|x64 = Release|x64
		Release|x86 = Release|x86
	EndGlobalSection
	GlobalSection(ProjectConfigurationPlatforms) = postSolution
		{FDC8FB88-4023-4BDE-BFA1-0029F4E90821}.Debug|x64.ActiveCfg = Debug|x64
		{FDC8FB88-4023-4BDE-BFA1-0029F4E90821}.Debug|x64.Build.0 = Debug|x64
		{FDC8FB88-4023-4BDE-BFA1-0029F4E90821}.Debug|x86.ActiveCfg = Debug|Win32
		{FDC8FB88-4023-4BDE-BFA1-0029F4E90821}.Debug|x86.Build.0 = Debug|Win32
		{FDC8FB88-4023-4BDE-BFA1-0029F4E90821}.Release|x64.ActiveCfg = Release|x64
		{FDC8FB88-4023-4BDE-BFA1-0029F4E90821}.Release|x64.Build.0 = Release|x64
		{FDC8FB88-4023-4BDE-BFA1-0029F4E90821}.Release|x86.ActiveCfg = Release|Win32
		{FDC8FB88-4023-4BDE-BFA1-0029F4E90821}.Release|x86.Build.0 = Release|Win32
	EndGlobalSection
	GlobalSection(SolutionProperties) = preSolution
		HideSolutionNode = FALSE
	EndGlobalSection
	GlobalSection(ExtensibilityGlobals) = postSolution
		SolutionGuid = {96D6249F-A2BD-40C1-9F62-B2054D45B7A5}
	EndGlobalSection
EndGlobal
