
Microsoft Visual Studio Solution File, Format Version 12.00
# Visual Studio Version 17
VisualStudioVersion = 17.7.34024.191
MinimumVisualStudioVersion = 10.0.40219.1
Project("{8BC9CEB8-8B4A-11D0-8D11-00A0C91BC942}") = "0914_stacktree_training", "0914_stacktree_training.vcxproj", "{2399B4F5-3041-4618-8369-4575729FD57C}"
EndProject
Global
	GlobalSection(SolutionConfigurationPlatforms) = preSolution
		Debug|x64 = Debug|x64
		Debug|x86 = Debug|x86
		Release|x64 = Release|x64
		Release|x86 = Release|x86
	EndGlobalSection
	GlobalSection(ProjectConfigurationPlatforms) = postSolution
		{2399B4F5-3041-4618-8369-4575729FD57C}.Debug|x64.ActiveCfg = Debug|x64
		{2399B4F5-3041-4618-8369-4575729FD57C}.Debug|x64.Build.0 = Debug|x64
		{2399B4F5-3041-4618-8369-4575729FD57C}.Debug|x86.ActiveCfg = Debug|Win32
		{2399B4F5-3041-4618-8369-4575729FD57C}.Debug|x86.Build.0 = Debug|Win32
		{2399B4F5-3041-4618-8369-4575729FD57C}.Release|x64.ActiveCfg = Release|x64
		{2399B4F5-3041-4618-8369-4575729FD57C}.Release|x64.Build.0 = Release|x64
		{2399B4F5-3041-4618-8369-4575729FD57C}.Release|x86.ActiveCfg = Release|Win32
		{2399B4F5-3041-4618-8369-4575729FD57C}.Release|x86.Build.0 = Release|Win32
	EndGlobalSection
	GlobalSection(SolutionProperties) = preSolution
		HideSolutionNode = FALSE
	EndGlobalSection
	GlobalSection(ExtensibilityGlobals) = postSolution
		SolutionGuid = {3EA616BC-B8D1-4B6D-BB26-7AF2DFB99FD6}
	EndGlobalSection
EndGlobal
